
Microsoft Visual Studio Solution File, Format Version 12.00
# Visual Studio Version 17
VisualStudioVersion = 17.9.34701.34
MinimumVisualStudioVersion = 10.0.40219.1
Project("{FAE04EC0-301F-11D3-BF4B-00C04F79EFBC}") = "uri1037", "uri1037\uri1037.csproj", "{8525E74C-C46D-41EB-A579-5EAB65CD1F87}"
EndProject
Global
	GlobalSection(SolutionConfigurationPlatforms) = preSolution
		Debug|Any CPU = Debug|Any CPU
		Release|Any CPU = Release|Any CPU
	EndGlobalSection
	GlobalSection(ProjectConfigurationPlatforms) = postSolution
		{8525E74C-C46D-41EB-A579-5EAB65CD1F87}.Debug|Any CPU.ActiveCfg = Debug|Any CPU
		{8525E74C-C46D-41EB-A579-5EAB65CD1F87}.Debug|Any CPU.Build.0 = Debug|Any CPU
		{8525E74C-C46D-41EB-A579-5EAB65CD1F87}.Release|Any CPU.ActiveCfg = Release|Any CPU
		{8525E74C-C46D-41EB-A579-5EAB65CD1F87}.Release|Any CPU.Build.0 = Release|Any CPU
	EndGlobalSection
	GlobalSection(SolutionProperties) = preSolution
		HideSolutionNode = FALSE
	EndGlobalSection
	GlobalSection(ExtensibilityGlobals) = postSolution
		SolutionGuid = {C86B2862-7769-44FC-B85F-6555AB9A2CCD}
	EndGlobalSection
EndGlobal
