
Microsoft Visual Studio Solution File, Format Version 12.00
# Visual Studio Version 17
VisualStudioVersion = 17.9.34701.34
MinimumVisualStudioVersion = 10.0.40219.1
Project("{FAE04EC0-301F-11D3-BF4B-00C04F79EFBC}") = "uri1051", "uri1051\uri1051.csproj", "{D6F201C8-B670-4BA5-9FF7-4DF7BF2A2561}"
EndProject
Global
	GlobalSection(SolutionConfigurationPlatforms) = preSolution
		Debug|Any CPU = Debug|Any CPU
		Release|Any CPU = Release|Any CPU
	EndGlobalSection
	GlobalSection(ProjectConfigurationPlatforms) = postSolution
		{D6F201C8-B670-4BA5-9FF7-4DF7BF2A2561}.Debug|Any CPU.ActiveCfg = Debug|Any CPU
		{D6F201C8-B670-4BA5-9FF7-4DF7BF2A2561}.Debug|Any CPU.Build.0 = Debug|Any CPU
		{D6F201C8-B670-4BA5-9FF7-4DF7BF2A2561}.Release|Any CPU.ActiveCfg = Release|Any CPU
		{D6F201C8-B670-4BA5-9FF7-4DF7BF2A2561}.Release|Any CPU.Build.0 = Release|Any CPU
	EndGlobalSection
	GlobalSection(SolutionProperties) = preSolution
		HideSolutionNode = FALSE
	EndGlobalSection
	GlobalSection(ExtensibilityGlobals) = postSolution
		SolutionGuid = {F054C801-E9E8-46F8-B42F-14AE8519F47C}
	EndGlobalSection
EndGlobal
