
Microsoft Visual Studio Solution File, Format Version 12.00
# Visual Studio Version 17
VisualStudioVersion = 17.9.34701.34
MinimumVisualStudioVersion = 10.0.40219.1
Project("{FAE04EC0-301F-11D3-BF4B-00C04F79EFBC}") = "uri1040", "uri1040\uri1040.csproj", "{70F285CA-29BD-420C-A74A-5DFD5320CE7E}"
EndProject
Global
	GlobalSection(SolutionConfigurationPlatforms) = preSolution
		Debug|Any CPU = Debug|Any CPU
		Release|Any CPU = Release|Any CPU
	EndGlobalSection
	GlobalSection(ProjectConfigurationPlatforms) = postSolution
		{70F285CA-29BD-420C-A74A-5DFD5320CE7E}.Debug|Any CPU.ActiveCfg = Debug|Any CPU
		{70F285CA-29BD-420C-A74A-5DFD5320CE7E}.Debug|Any CPU.Build.0 = Debug|Any CPU
		{70F285CA-29BD-420C-A74A-5DFD5320CE7E}.Release|Any CPU.ActiveCfg = Release|Any CPU
		{70F285CA-29BD-420C-A74A-5DFD5320CE7E}.Release|Any CPU.Build.0 = Release|Any CPU
	EndGlobalSection
	GlobalSection(SolutionProperties) = preSolution
		HideSolutionNode = FALSE
	EndGlobalSection
	GlobalSection(ExtensibilityGlobals) = postSolution
		SolutionGuid = {854E93C9-C83E-4943-9483-64AB31839020}
	EndGlobalSection
EndGlobal
