
Microsoft Visual Studio Solution File, Format Version 12.00
# Visual Studio Version 17
VisualStudioVersion = 17.9.34701.34
MinimumVisualStudioVersion = 10.0.40219.1
Project("{FAE04EC0-301F-11D3-BF4B-00C04F79EFBC}") = "Funcoes", "Funcoes\Funcoes.csproj", "{B5A80AB6-BB08-4B1C-8EF3-8A940F59DCCD}"
EndProject
Global
	GlobalSection(SolutionConfigurationPlatforms) = preSolution
		Debug|Any CPU = Debug|Any CPU
		Release|Any CPU = Release|Any CPU
	EndGlobalSection
	GlobalSection(ProjectConfigurationPlatforms) = postSolution
		{B5A80AB6-BB08-4B1C-8EF3-8A940F59DCCD}.Debug|Any CPU.ActiveCfg = Debug|Any CPU
		{B5A80AB6-BB08-4B1C-8EF3-8A940F59DCCD}.Debug|Any CPU.Build.0 = Debug|Any CPU
		{B5A80AB6-BB08-4B1C-8EF3-8A940F59DCCD}.Release|Any CPU.ActiveCfg = Release|Any CPU
		{B5A80AB6-BB08-4B1C-8EF3-8A940F59DCCD}.Release|Any CPU.Build.0 = Release|Any CPU
	EndGlobalSection
	GlobalSection(SolutionProperties) = preSolution
		HideSolutionNode = FALSE
	EndGlobalSection
	GlobalSection(ExtensibilityGlobals) = postSolution
		SolutionGuid = {E6338413-B445-42D9-BFB6-E8AD344CCE00}
	EndGlobalSection
EndGlobal
