
Microsoft Visual Studio Solution File, Format Version 12.00
# Visual Studio Version 17
VisualStudioVersion = 17.9.34701.34
MinimumVisualStudioVersion = 10.0.40219.1
Project("{FAE04EC0-301F-11D3-BF4B-00C04F79EFBC}") = "uri1044", "uri1044\uri1044.csproj", "{79D57B04-6B4F-4BF6-8829-BA54F0C221C3}"
EndProject
Global
	GlobalSection(SolutionConfigurationPlatforms) = preSolution
		Debug|Any CPU = Debug|Any CPU
		Release|Any CPU = Release|Any CPU
	EndGlobalSection
	GlobalSection(ProjectConfigurationPlatforms) = postSolution
		{79D57B04-6B4F-4BF6-8829-BA54F0C221C3}.Debug|Any CPU.ActiveCfg = Debug|Any CPU
		{79D57B04-6B4F-4BF6-8829-BA54F0C221C3}.Debug|Any CPU.Build.0 = Debug|Any CPU
		{79D57B04-6B4F-4BF6-8829-BA54F0C221C3}.Release|Any CPU.ActiveCfg = Release|Any CPU
		{79D57B04-6B4F-4BF6-8829-BA54F0C221C3}.Release|Any CPU.Build.0 = Release|Any CPU
	EndGlobalSection
	GlobalSection(SolutionProperties) = preSolution
		HideSolutionNode = FALSE
	EndGlobalSection
	GlobalSection(ExtensibilityGlobals) = postSolution
		SolutionGuid = {7681DC30-CA2D-49EE-9AC7-F03FC5A8C08A}
	EndGlobalSection
EndGlobal
