
Microsoft Visual Studio Solution File, Format Version 12.00
# Visual Studio Version 17
VisualStudioVersion = 17.9.34701.34
MinimumVisualStudioVersion = 10.0.40219.1
Project("{FAE04EC0-301F-11D3-BF4B-00C04F79EFBC}") = "uri1021", "uri1021\uri1021.csproj", "{7A49E31A-2764-4057-968D-1AAF443C1DDF}"
EndProject
Global
	GlobalSection(SolutionConfigurationPlatforms) = preSolution
		Debug|Any CPU = Debug|Any CPU
		Release|Any CPU = Release|Any CPU
	EndGlobalSection
	GlobalSection(ProjectConfigurationPlatforms) = postSolution
		{7A49E31A-2764-4057-968D-1AAF443C1DDF}.Debug|Any CPU.ActiveCfg = Debug|Any CPU
		{7A49E31A-2764-4057-968D-1AAF443C1DDF}.Debug|Any CPU.Build.0 = Debug|Any CPU
		{7A49E31A-2764-4057-968D-1AAF443C1DDF}.Release|Any CPU.ActiveCfg = Release|Any CPU
		{7A49E31A-2764-4057-968D-1AAF443C1DDF}.Release|Any CPU.Build.0 = Release|Any CPU
	EndGlobalSection
	GlobalSection(SolutionProperties) = preSolution
		HideSolutionNode = FALSE
	EndGlobalSection
	GlobalSection(ExtensibilityGlobals) = postSolution
		SolutionGuid = {F51B1DCF-698B-4DC2-966C-E7B36B164535}
	EndGlobalSection
EndGlobal
