
Microsoft Visual Studio Solution File, Format Version 12.00
# Visual Studio Version 17
VisualStudioVersion = 17.9.34701.34
MinimumVisualStudioVersion = 10.0.40219.1
Project("{FAE04EC0-301F-11D3-BF4B-00C04F79EFBC}") = "uri1002", "uri1002\uri1002.csproj", "{C0B72773-29B8-47CF-A1C4-CA2F6EBED6F4}"
EndProject
Global
	GlobalSection(SolutionConfigurationPlatforms) = preSolution
		Debug|Any CPU = Debug|Any CPU
		Release|Any CPU = Release|Any CPU
	EndGlobalSection
	GlobalSection(ProjectConfigurationPlatforms) = postSolution
		{C0B72773-29B8-47CF-A1C4-CA2F6EBED6F4}.Debug|Any CPU.ActiveCfg = Debug|Any CPU
		{C0B72773-29B8-47CF-A1C4-CA2F6EBED6F4}.Debug|Any CPU.Build.0 = Debug|Any CPU
		{C0B72773-29B8-47CF-A1C4-CA2F6EBED6F4}.Release|Any CPU.ActiveCfg = Release|Any CPU
		{C0B72773-29B8-47CF-A1C4-CA2F6EBED6F4}.Release|Any CPU.Build.0 = Release|Any CPU
	EndGlobalSection
	GlobalSection(SolutionProperties) = preSolution
		HideSolutionNode = FALSE
	EndGlobalSection
	GlobalSection(ExtensibilityGlobals) = postSolution
		SolutionGuid = {F64F3CB9-4335-4550-B36B-DBD228CBBCAC}
	EndGlobalSection
EndGlobal
