
Microsoft Visual Studio Solution File, Format Version 12.00
# Visual Studio Version 17
VisualStudioVersion = 17.9.34701.34
MinimumVisualStudioVersion = 10.0.40219.1
Project("{FAE04EC0-301F-11D3-BF4B-00C04F79EFBC}") = "uri1008", "uri1008\uri1008.csproj", "{044D2790-0C4A-4B7E-B39D-A4CA5AB7D0D3}"
EndProject
Global
	GlobalSection(SolutionConfigurationPlatforms) = preSolution
		Debug|Any CPU = Debug|Any CPU
		Release|Any CPU = Release|Any CPU
	EndGlobalSection
	GlobalSection(ProjectConfigurationPlatforms) = postSolution
		{044D2790-0C4A-4B7E-B39D-A4CA5AB7D0D3}.Debug|Any CPU.ActiveCfg = Debug|Any CPU
		{044D2790-0C4A-4B7E-B39D-A4CA5AB7D0D3}.Debug|Any CPU.Build.0 = Debug|Any CPU
		{044D2790-0C4A-4B7E-B39D-A4CA5AB7D0D3}.Release|Any CPU.ActiveCfg = Release|Any CPU
		{044D2790-0C4A-4B7E-B39D-A4CA5AB7D0D3}.Release|Any CPU.Build.0 = Release|Any CPU
	EndGlobalSection
	GlobalSection(SolutionProperties) = preSolution
		HideSolutionNode = FALSE
	EndGlobalSection
	GlobalSection(ExtensibilityGlobals) = postSolution
		SolutionGuid = {A6558CB8-127F-48E8-BA1D-904867874E3D}
	EndGlobalSection
EndGlobal
