
Microsoft Visual Studio Solution File, Format Version 12.00
# Visual Studio Version 17
VisualStudioVersion = 17.9.34701.34
MinimumVisualStudioVersion = 10.0.40219.1
Project("{FAE04EC0-301F-11D3-BF4B-00C04F79EFBC}") = "uri1099", "uri1099\uri1099.csproj", "{D05B6F10-64AD-4892-B1B2-406BA4BD52F8}"
EndProject
Global
	GlobalSection(SolutionConfigurationPlatforms) = preSolution
		Debug|Any CPU = Debug|Any CPU
		Release|Any CPU = Release|Any CPU
	EndGlobalSection
	GlobalSection(ProjectConfigurationPlatforms) = postSolution
		{D05B6F10-64AD-4892-B1B2-406BA4BD52F8}.Debug|Any CPU.ActiveCfg = Debug|Any CPU
		{D05B6F10-64AD-4892-B1B2-406BA4BD52F8}.Debug|Any CPU.Build.0 = Debug|Any CPU
		{D05B6F10-64AD-4892-B1B2-406BA4BD52F8}.Release|Any CPU.ActiveCfg = Release|Any CPU
		{D05B6F10-64AD-4892-B1B2-406BA4BD52F8}.Release|Any CPU.Build.0 = Release|Any CPU
	EndGlobalSection
	GlobalSection(SolutionProperties) = preSolution
		HideSolutionNode = FALSE
	EndGlobalSection
	GlobalSection(ExtensibilityGlobals) = postSolution
		SolutionGuid = {D2EF186F-021E-4D97-B4BA-6BF44FC1772C}
	EndGlobalSection
EndGlobal
