
Microsoft Visual Studio Solution File, Format Version 12.00
# Visual Studio Version 17
VisualStudioVersion = 17.9.34701.34
MinimumVisualStudioVersion = 10.0.40219.1
Project("{FAE04EC0-301F-11D3-BF4B-00C04F79EFBC}") = "uri1160", "uri1160\uri1160.csproj", "{808B6D46-B5E0-4309-83E0-B11456F39D7C}"
EndProject
Global
	GlobalSection(SolutionConfigurationPlatforms) = preSolution
		Debug|Any CPU = Debug|Any CPU
		Release|Any CPU = Release|Any CPU
	EndGlobalSection
	GlobalSection(ProjectConfigurationPlatforms) = postSolution
		{808B6D46-B5E0-4309-83E0-B11456F39D7C}.Debug|Any CPU.ActiveCfg = Debug|Any CPU
		{808B6D46-B5E0-4309-83E0-B11456F39D7C}.Debug|Any CPU.Build.0 = Debug|Any CPU
		{808B6D46-B5E0-4309-83E0-B11456F39D7C}.Release|Any CPU.ActiveCfg = Release|Any CPU
		{808B6D46-B5E0-4309-83E0-B11456F39D7C}.Release|Any CPU.Build.0 = Release|Any CPU
	EndGlobalSection
	GlobalSection(SolutionProperties) = preSolution
		HideSolutionNode = FALSE
	EndGlobalSection
	GlobalSection(ExtensibilityGlobals) = postSolution
		SolutionGuid = {96677031-EE69-4AEF-80BE-C93FC209ADAD}
	EndGlobalSection
EndGlobal
